
Microsoft Visual Studio Solution File, Format Version 12.00
# Visual Studio Version 17
VisualStudioVersion = 17.0.32014.148
MinimumVisualStudioVersion = 10.0.40219.1
Project("{FAE04EC0-301F-11D3-BF4B-00C04F79EFBC}") = "WebApplication2", "WebApplication2\WebApplication2.csproj", "{D59913CC-0D40-4B81-823D-20D87CDABA12}"
EndProject
Global
	GlobalSection(SolutionConfigurationPlatforms) = preSolution
		Debug|Any CPU = Debug|Any CPU
		Release|Any CPU = Release|Any CPU
	EndGlobalSection
	GlobalSection(ProjectConfigurationPlatforms) = postSolution
		{D59913CC-0D40-4B81-823D-20D87CDABA12}.Debug|Any CPU.ActiveCfg = Debug|Any CPU
		{D59913CC-0D40-4B81-823D-20D87CDABA12}.Debug|Any CPU.Build.0 = Debug|Any CPU
		{D59913CC-0D40-4B81-823D-20D87CDABA12}.Release|Any CPU.ActiveCfg = Release|Any CPU
		{D59913CC-0D40-4B81-823D-20D87CDABA12}.Release|Any CPU.Build.0 = Release|Any CPU
	EndGlobalSection
	GlobalSection(SolutionProperties) = preSolution
		HideSolutionNode = FALSE
	EndGlobalSection
	GlobalSection(ExtensibilityGlobals) = postSolution
		SolutionGuid = {B31ACA2C-30A6-4AC8-96D3-150AEF1366AA}
	EndGlobalSection
EndGlobal
